
Microsoft Visual Studio Solution File, Format Version 12.00
# Visual Studio 15
VisualStudioVersion = 15.0.28307.1927
MinimumVisualStudioVersion = 10.0.40219.1
Project("{F184B08F-C81C-45F6-A57F-5ABD9991F28F}") = "Datos de Clientes en una tabla", "Datos de Clientes en una tabla.\Datos de Clientes en una tabla.vbproj", "{EF2107A9-B0FD-419D-92BA-1F4432AE3674}"
EndProject
Global
	GlobalSection(SolutionConfigurationPlatforms) = preSolution
		Debug|Any CPU = Debug|Any CPU
		Release|Any CPU = Release|Any CPU
	EndGlobalSection
	GlobalSection(ProjectConfigurationPlatforms) = postSolution
		{EF2107A9-B0FD-419D-92BA-1F4432AE3674}.Debug|Any CPU.ActiveCfg = Debug|Any CPU
		{EF2107A9-B0FD-419D-92BA-1F4432AE3674}.Debug|Any CPU.Build.0 = Debug|Any CPU
		{EF2107A9-B0FD-419D-92BA-1F4432AE3674}.Release|Any CPU.ActiveCfg = Release|Any CPU
		{EF2107A9-B0FD-419D-92BA-1F4432AE3674}.Release|Any CPU.Build.0 = Release|Any CPU
	EndGlobalSection
	GlobalSection(SolutionProperties) = preSolution
		HideSolutionNode = FALSE
	EndGlobalSection
	GlobalSection(ExtensibilityGlobals) = postSolution
		SolutionGuid = {972A2068-0545-4BF8-A572-A760B1CEC5F5}
	EndGlobalSection
EndGlobal
