
Microsoft Visual Studio Solution File, Format Version 12.00
# Visual Studio 15
VisualStudioVersion = 15.0.28307.1927
MinimumVisualStudioVersion = 10.0.40219.1
Project("{F184B08F-C81C-45F6-A57F-5ABD9991F28F}") = "Registro de vehiculos de una concesionaria", "Registro de vehiculos de una concesionaria\Registro de vehiculos de una concesionaria.vbproj", "{C55585A5-CD0B-4ACD-A7D1-D68CCF7AE690}"
EndProject
Global
	GlobalSection(SolutionConfigurationPlatforms) = preSolution
		Debug|Any CPU = Debug|Any CPU
		Release|Any CPU = Release|Any CPU
	EndGlobalSection
	GlobalSection(ProjectConfigurationPlatforms) = postSolution
		{C55585A5-CD0B-4ACD-A7D1-D68CCF7AE690}.Debug|Any CPU.ActiveCfg = Debug|Any CPU
		{C55585A5-CD0B-4ACD-A7D1-D68CCF7AE690}.Debug|Any CPU.Build.0 = Debug|Any CPU
		{C55585A5-CD0B-4ACD-A7D1-D68CCF7AE690}.Release|Any CPU.ActiveCfg = Release|Any CPU
		{C55585A5-CD0B-4ACD-A7D1-D68CCF7AE690}.Release|Any CPU.Build.0 = Release|Any CPU
	EndGlobalSection
	GlobalSection(SolutionProperties) = preSolution
		HideSolutionNode = FALSE
	EndGlobalSection
	GlobalSection(ExtensibilityGlobals) = postSolution
		SolutionGuid = {CF502749-B6E9-4B16-9A24-992B72A5C223}
	EndGlobalSection
EndGlobal
